<?xml version="1.0" encoding="UTF-8" standalone="yes" ?>
<CodeBlocks_project_file>
	<FileVersion major="1" minor="6" />
	<Project>
		<Option title="CBTortoiseSVN" />
		<Option compiler="gcc" />
		<Build>
			<Target title="default">
				<Option output="output\CBTortoiseSVN.dll" prefix_auto="0" extension_auto="0" />
				<Option object_output="obj" />
				<Option type="3" />
				<Option compiler="gcc" />
				<Option host_application="d:\software\codeblocks_svn\src\devel\codeblocks.exe" />
				<ExtraCommands>
					<Add after="zip -j9 output\CBTortoiseSVN.zip manifest.xml" />
				</ExtraCommands>
			</Target>
			<Environment>
				<Variable name="WX_SUFFIX" value="u" />
				<Variable name="WX_CFG" value="" />
			</Environment>
		</Build>
		<VirtualTargets>
			<Add alias="All" targets="default;" />
		</VirtualTargets>
		<Compiler>
			<Add option="-Wall" />
			<Add option="-g" />
			<Add option="-pipe" />
			<Add option="-mthreads" />
			<Add option="-fmessage-length=0" />
			<Add option="-fexceptions" />
			<Add option="-Winvalid-pch" />
			<Add option="-D__GNUWIN32__" />
			<Add option="-DWXUSINGDLL" />
			<Add option="-DBUILDING_PLUGIN" />
			<Add option="-D__WXMSW__" />
			<Add option="-DHAVE_W32API_H" />
			<Add option="-DwxUSE_UNICODE" />
			<Add directory="$(#wx.include)" />
			<Add directory="$(#wx.lib)\gcc_dll$(WX_CFG)\msw$(WX_SUFFIX)" />
			<Add directory="$(#wx)\contrib\include" />
			<Add directory="$(#cb.include)" />
			<Add directory="$(#cb.include)\tinyxml" />
			<Add directory="$(#cb.include)\wxscintilla\include" />
			<Add directory="$(#cb)\sdk" />
			<Add directory="$(#cb)\sdk\tinyxml" />
			<Add directory="$(#cb)\sdk\wxscintilla\include" />
		</Compiler>
		<ResourceCompiler>
			<Add directory="$(#wx.include)" />
		</ResourceCompiler>
		<Linker>
			<Add library="codeblocks" />
			<Add library="wxscintilla" />
			<Add library="wxmsw28$(WX_SUFFIX)" />
			<Add directory="$(#wx.lib)\gcc_dll$(WX_CFG)" />
			<Add directory="$(#cb.lib)" />
			<Add directory="$(#cb)\devel" />
			<Add directory="$(#cb)\sdk\tinyxml" />
		</Linker>
		<Unit filename="CBTortoiseSVN.cpp" />
		<Unit filename="CBTortoiseSVN.h" />
		<Unit filename="manifest.xml" />
		<Extensions>
			<code_completion />
			<envvars />
			<debugger />
		</Extensions>
	</Project>
</CodeBlocks_project_file>
